
Microsoft Visual Studio Solution File, Format Version 12.00
# Visual Studio Version 16
VisualStudioVersion = 16.0.31205.134
MinimumVisualStudioVersion = 10.0.40219.1
Project("{9A19103F-16F7-4668-BE54-9A1E7A4F7556}") = "Armor Racks Continued", "Armor Racks Continued\Armor Racks Continued.csproj", "{78A93477-C965-4515-889E-5338A7FBB0BA}"
EndProject
Project("{2150E333-8FDC-42A3-9474-1A3956D46DE8}") = "Solution Items", "Solution Items", "{A2FE7813-8921-4A7C-BD29-5AE5A186E243}"
	ProjectSection(SolutionItems) = preProject
		.editorconfig = .editorconfig
	EndProjectSection
EndProject
Global
	GlobalSection(SolutionConfigurationPlatforms) = preSolution
		Debug|Any CPU = Debug|Any CPU
		Release|Any CPU = Release|Any CPU
	EndGlobalSection
	GlobalSection(ProjectConfigurationPlatforms) = postSolution
		{78A93477-C965-4515-889E-5338A7FBB0BA}.Debug|Any CPU.ActiveCfg = Debug|Any CPU
		{78A93477-C965-4515-889E-5338A7FBB0BA}.Debug|Any CPU.Build.0 = Debug|Any CPU
		{78A93477-C965-4515-889E-5338A7FBB0BA}.Release|Any CPU.ActiveCfg = Release|Any CPU
		{78A93477-C965-4515-889E-5338A7FBB0BA}.Release|Any CPU.Build.0 = Release|Any CPU
	EndGlobalSection
	GlobalSection(SolutionProperties) = preSolution
		HideSolutionNode = FALSE
	EndGlobalSection
	GlobalSection(ExtensibilityGlobals) = postSolution
		SolutionGuid = {E55F7326-4404-4811-B916-BF25D67A3C1C}
	EndGlobalSection
EndGlobal
